{
    "name": "statement-parser",
    "version": "1.3.4",
    "lockfileVersion": 1,
    "requires": true,
    "dependencies": {
        "@types/node": {
            "version": "12.12.58",
            "resolved": "https://registry.npmjs.org/@types/node/-/node-12.12.58.tgz",
            "integrity": "sha512-Be46CNIHWAagEfINOjmriSxuv7IVcqbGe+sDSg2SYCEz/0CRBy7LRASGfRbD8KZkqoePU73Wsx3UvOSFcq/9hA==",
            "dev": true
        },
        "@types/pdfjs-dist": {
            "version": "2.1.5",
            "resolved": "https://registry.npmjs.org/@types/pdfjs-dist/-/pdfjs-dist-2.1.5.tgz",
            "integrity": "sha512-/vs9nLI/BYNo1pobKR5oEucEEcMgd8Mx1nByPNR3QhTboBwdDreQ0fHYXrGRtK3cShDDrVdApL0KhMckMuKSHw=="
        },
        "pdf-text-reader": {
            "version": "1.2.0",
            "resolved": "https://registry.npmjs.org/pdf-text-reader/-/pdf-text-reader-1.2.0.tgz",
            "integrity": "sha512-Uh7BhnL/a7o+C0W4uH9KWOBdiZOn1mmKNRNLsSThBAmfqLdygndA1leV1gVYWGmpNcW0bH5yx632xdsdpx+Q8w==",
            "requires": {
                "@types/pdfjs-dist": "^2.1.3",
                "pdfjs-dist": "^2.2.228"
            }
        },
        "pdfjs-dist": {
            "version": "2.4.456",
            "resolved": "https://registry.npmjs.org/pdfjs-dist/-/pdfjs-dist-2.4.456.tgz",
            "integrity": "sha512-yckJEHq3F48hcp6wStEpbN9McOj328Ib09UrBlGAKxvN2k+qYPN5iq6TH6jD1C0pso7zTep+g/CKsYgdrQd5QA=="
        },
        "typescript": {
            "version": "3.9.7",
            "resolved": "https://registry.npmjs.org/typescript/-/typescript-3.9.7.tgz",
            "integrity": "sha512-BLbiRkiBzAwsjut4x/dsibSTB6yWpwT5qWmC2OfuCg3GgVQCSgMs4vEctYPhsaGtd0AeuuHMkjZ2h2WG8MSzRw=="
        }
    }
}
